
Microsoft Visual Studio Solution File, Format Version 12.00
Project("{FAE04EC0-301F-11D3-BF4B-00C04F79EFBC}") = "05_Mean", "05_Mean\05_Mean.csproj", "{811AC391-6BB6-4C42-8329-66BB4FB33E02}"
EndProject
Global
	GlobalSection(SolutionConfigurationPlatforms) = preSolution
		Debug|Any CPU = Debug|Any CPU
		Release|Any CPU = Release|Any CPU
	EndGlobalSection
	GlobalSection(ProjectConfigurationPlatforms) = postSolution
		{811AC391-6BB6-4C42-8329-66BB4FB33E02}.Debug|Any CPU.ActiveCfg = Debug|Any CPU
		{811AC391-6BB6-4C42-8329-66BB4FB33E02}.Debug|Any CPU.Build.0 = Debug|Any CPU
		{811AC391-6BB6-4C42-8329-66BB4FB33E02}.Release|Any CPU.ActiveCfg = Release|Any CPU
		{811AC391-6BB6-4C42-8329-66BB4FB33E02}.Release|Any CPU.Build.0 = Release|Any CPU
	EndGlobalSection
EndGlobal
