
Microsoft Visual Studio Solution File, Format Version 12.00
# Visual Studio Version 17
VisualStudioVersion = 17.14.36401.2 d17.14
MinimumVisualStudioVersion = 10.0.40219.1
Project("{FAE04EC0-301F-11D3-BF4B-00C04F79EFBC}") = "Threads", "Threads\Threads.csproj", "{261FE898-404D-403E-8B5A-58503DC6D18F}"
EndProject
Global
	GlobalSection(SolutionConfigurationPlatforms) = preSolution
		Debug|Any CPU = Debug|Any CPU
		Release|Any CPU = Release|Any CPU
	EndGlobalSection
	GlobalSection(ProjectConfigurationPlatforms) = postSolution
		{261FE898-404D-403E-8B5A-58503DC6D18F}.Debug|Any CPU.ActiveCfg = Debug|Any CPU
		{261FE898-404D-403E-8B5A-58503DC6D18F}.Debug|Any CPU.Build.0 = Debug|Any CPU
		{261FE898-404D-403E-8B5A-58503DC6D18F}.Release|Any CPU.ActiveCfg = Release|Any CPU
		{261FE898-404D-403E-8B5A-58503DC6D18F}.Release|Any CPU.Build.0 = Release|Any CPU
	EndGlobalSection
	GlobalSection(SolutionProperties) = preSolution
		HideSolutionNode = FALSE
	EndGlobalSection
	GlobalSection(ExtensibilityGlobals) = postSolution
		SolutionGuid = {1965DA6F-BEA4-4FC8-8BCD-BDD5CCDD919F}
	EndGlobalSection
EndGlobal
