
Microsoft Visual Studio Solution File, Format Version 12.00
# Visual Studio Version 17
VisualStudioVersion = 17.14.36202.13
MinimumVisualStudioVersion = 10.0.40219.1
Project("{FAE04EC0-301F-11D3-BF4B-00C04F79EFBC}") = "01_MatrixRain", "01_MatrixRain\01_MatrixRain.csproj", "{0D0201BD-16F5-4D64-86EF-84A73474E131}"
EndProject
Project("{FAE04EC0-301F-11D3-BF4B-00C04F79EFBC}") = "02_MatrixRainDouble", "02_MatrixRainDouble\02_MatrixRainDouble.csproj", "{12ED48AC-A414-4FF3-A179-93FCE19F93CA}"
EndProject
Project("{FAE04EC0-301F-11D3-BF4B-00C04F79EFBC}") = "04_Recursion", "04_Recursion\04_Recursion.csproj", "{89CE7FE6-4800-4B1C-889D-59FF4374FCEF}"
EndProject
Global
	GlobalSection(SolutionConfigurationPlatforms) = preSolution
		Debug|Any CPU = Debug|Any CPU
		Release|Any CPU = Release|Any CPU
	EndGlobalSection
	GlobalSection(ProjectConfigurationPlatforms) = postSolution
		{0D0201BD-16F5-4D64-86EF-84A73474E131}.Debug|Any CPU.ActiveCfg = Debug|Any CPU
		{0D0201BD-16F5-4D64-86EF-84A73474E131}.Debug|Any CPU.Build.0 = Debug|Any CPU
		{0D0201BD-16F5-4D64-86EF-84A73474E131}.Release|Any CPU.ActiveCfg = Release|Any CPU
		{0D0201BD-16F5-4D64-86EF-84A73474E131}.Release|Any CPU.Build.0 = Release|Any CPU
		{12ED48AC-A414-4FF3-A179-93FCE19F93CA}.Debug|Any CPU.ActiveCfg = Debug|Any CPU
		{12ED48AC-A414-4FF3-A179-93FCE19F93CA}.Debug|Any CPU.Build.0 = Debug|Any CPU
		{12ED48AC-A414-4FF3-A179-93FCE19F93CA}.Release|Any CPU.ActiveCfg = Release|Any CPU
		{12ED48AC-A414-4FF3-A179-93FCE19F93CA}.Release|Any CPU.Build.0 = Release|Any CPU
		{89CE7FE6-4800-4B1C-889D-59FF4374FCEF}.Debug|Any CPU.ActiveCfg = Debug|Any CPU
		{89CE7FE6-4800-4B1C-889D-59FF4374FCEF}.Debug|Any CPU.Build.0 = Debug|Any CPU
		{89CE7FE6-4800-4B1C-889D-59FF4374FCEF}.Release|Any CPU.ActiveCfg = Release|Any CPU
		{89CE7FE6-4800-4B1C-889D-59FF4374FCEF}.Release|Any CPU.Build.0 = Release|Any CPU
	EndGlobalSection
	GlobalSection(SolutionProperties) = preSolution
		HideSolutionNode = FALSE
	EndGlobalSection
	GlobalSection(ExtensibilityGlobals) = postSolution
		SolutionGuid = {F60F50F5-2B3D-4BD5-98EC-89740C42005D}
	EndGlobalSection
EndGlobal
