
Microsoft Visual Studio Solution File, Format Version 12.00
# Visual Studio Version 17
VisualStudioVersion = 17.14.36202.13
MinimumVisualStudioVersion = 10.0.40219.1
Project("{FAE04EC0-301F-11D3-BF4B-00C04F79EFBC}") = "06_User", "06_User\06_User.csproj", "{842B1ABF-EC48-4D78-86C7-F0C6EAC5DEBA}"
EndProject
Project("{FAE04EC0-301F-11D3-BF4B-00C04F79EFBC}") = "02_Converter", "02_Converter\02_Converter.csproj", "{C126A944-1091-4C88-B0EC-08D690CD220A}"
EndProject
Project("{FAE04EC0-301F-11D3-BF4B-00C04F79EFBC}") = "03_Employee", "03_Employee\03_Employee.csproj", "{D770A5C8-ED76-477F-AA1C-4D49B1876481}"
EndProject
Project("{FAE04EC0-301F-11D3-BF4B-00C04F79EFBC}") = "04_Invoice", "04_Invoice\04_Invoice.csproj", "{9084CD59-B0E5-4CB8-9E19-B848AF9DE873}"
EndProject
Global
	GlobalSection(SolutionConfigurationPlatforms) = preSolution
		Debug|Any CPU = Debug|Any CPU
		Release|Any CPU = Release|Any CPU
	EndGlobalSection
	GlobalSection(ProjectConfigurationPlatforms) = postSolution
		{842B1ABF-EC48-4D78-86C7-F0C6EAC5DEBA}.Debug|Any CPU.ActiveCfg = Debug|Any CPU
		{842B1ABF-EC48-4D78-86C7-F0C6EAC5DEBA}.Debug|Any CPU.Build.0 = Debug|Any CPU
		{842B1ABF-EC48-4D78-86C7-F0C6EAC5DEBA}.Release|Any CPU.ActiveCfg = Release|Any CPU
		{842B1ABF-EC48-4D78-86C7-F0C6EAC5DEBA}.Release|Any CPU.Build.0 = Release|Any CPU
		{C126A944-1091-4C88-B0EC-08D690CD220A}.Debug|Any CPU.ActiveCfg = Debug|Any CPU
		{C126A944-1091-4C88-B0EC-08D690CD220A}.Debug|Any CPU.Build.0 = Debug|Any CPU
		{C126A944-1091-4C88-B0EC-08D690CD220A}.Release|Any CPU.ActiveCfg = Release|Any CPU
		{C126A944-1091-4C88-B0EC-08D690CD220A}.Release|Any CPU.Build.0 = Release|Any CPU
		{D770A5C8-ED76-477F-AA1C-4D49B1876481}.Debug|Any CPU.ActiveCfg = Debug|Any CPU
		{D770A5C8-ED76-477F-AA1C-4D49B1876481}.Debug|Any CPU.Build.0 = Debug|Any CPU
		{D770A5C8-ED76-477F-AA1C-4D49B1876481}.Release|Any CPU.ActiveCfg = Release|Any CPU
		{D770A5C8-ED76-477F-AA1C-4D49B1876481}.Release|Any CPU.Build.0 = Release|Any CPU
		{9084CD59-B0E5-4CB8-9E19-B848AF9DE873}.Debug|Any CPU.ActiveCfg = Debug|Any CPU
		{9084CD59-B0E5-4CB8-9E19-B848AF9DE873}.Debug|Any CPU.Build.0 = Debug|Any CPU
		{9084CD59-B0E5-4CB8-9E19-B848AF9DE873}.Release|Any CPU.ActiveCfg = Release|Any CPU
		{9084CD59-B0E5-4CB8-9E19-B848AF9DE873}.Release|Any CPU.Build.0 = Release|Any CPU
	EndGlobalSection
	GlobalSection(SolutionProperties) = preSolution
		HideSolutionNode = FALSE
	EndGlobalSection
	GlobalSection(ExtensibilityGlobals) = postSolution
		SolutionGuid = {CD697DBF-3FC8-42B6-B74B-4AD11C437585}
	EndGlobalSection
EndGlobal
