
Microsoft Visual Studio Solution File, Format Version 12.00
# Visual Studio Version 17
VisualStudioVersion = 17.14.36127.28
MinimumVisualStudioVersion = 10.0.40219.1
Project("{FAE04EC0-301F-11D3-BF4B-00C04F79EFBC}") = "02_Rectangle", "02_Rectangle\02_Rectangle.csproj", "{43E45B5E-7404-4966-92CA-BB4E86444255}"
EndProject
Project("{FAE04EC0-301F-11D3-BF4B-00C04F79EFBC}") = "03_Books", "03_Books\03_Books.csproj", "{33875E68-79CA-4BD4-99EC-DA6560D5643A}"
EndProject
Global
	GlobalSection(SolutionConfigurationPlatforms) = preSolution
		Debug|Any CPU = Debug|Any CPU
		Release|Any CPU = Release|Any CPU
	EndGlobalSection
	GlobalSection(ProjectConfigurationPlatforms) = postSolution
		{43E45B5E-7404-4966-92CA-BB4E86444255}.Debug|Any CPU.ActiveCfg = Debug|Any CPU
		{43E45B5E-7404-4966-92CA-BB4E86444255}.Debug|Any CPU.Build.0 = Debug|Any CPU
		{43E45B5E-7404-4966-92CA-BB4E86444255}.Release|Any CPU.ActiveCfg = Release|Any CPU
		{43E45B5E-7404-4966-92CA-BB4E86444255}.Release|Any CPU.Build.0 = Release|Any CPU
		{33875E68-79CA-4BD4-99EC-DA6560D5643A}.Debug|Any CPU.ActiveCfg = Debug|Any CPU
		{33875E68-79CA-4BD4-99EC-DA6560D5643A}.Debug|Any CPU.Build.0 = Debug|Any CPU
		{33875E68-79CA-4BD4-99EC-DA6560D5643A}.Release|Any CPU.ActiveCfg = Release|Any CPU
		{33875E68-79CA-4BD4-99EC-DA6560D5643A}.Release|Any CPU.Build.0 = Release|Any CPU
	EndGlobalSection
	GlobalSection(SolutionProperties) = preSolution
		HideSolutionNode = FALSE
	EndGlobalSection
	GlobalSection(ExtensibilityGlobals) = postSolution
		SolutionGuid = {923C4F4C-7359-47D0-951A-2AB836C2BF1E}
	EndGlobalSection
EndGlobal
